# This file is automatically @generated by Cargo.
# It is not intended for manual editing.
version = 4

[[package]]
name = "lexer"
version = "0.1.0"
dependencies = [
 "utils",
]

[[package]]
name = "parser"
version = "0.1.0"
dependencies = [
 "lexer",
 "utils",
]

[[package]]
name = "utils"
version = "0.1.0"

[[package]]
name = "workspace-examples"
version = "0.1.0"
dependencies = [
 "lexer",
 "parser",
]
